
Microsoft Visual Studio Solution File, Format Version 12.00
# Visual Studio Version 16
VisualStudioVersion = 16.0.30128.74
MinimumVisualStudioVersion = 10.0.40219.1
Project("{FAE04EC0-301F-11D3-BF4B-00C04F79EFBC}") = "AlphaOneAPISampleProject", "AlphaOneAPISampleProject\AlphaOneAPISampleProject.csproj", "{5F2FD9D5-C137-4D45-9E72-21F10D8245B9}"
EndProject
Project("{FAE04EC0-301F-11D3-BF4B-00C04F79EFBC}") = "AlphaOneAPISampleProjectTest", "AlphaOneAPISampleProjectTest\AlphaOneAPISampleProjectTest.csproj", "{76FDF2F4-509B-4550-B13A-C4E4EC96570B}"
EndProject
Global
	GlobalSection(SolutionConfigurationPlatforms) = preSolution
		Debug|Any CPU = Debug|Any CPU
		Release|Any CPU = Release|Any CPU
	EndGlobalSection
	GlobalSection(ProjectConfigurationPlatforms) = postSolution
		{5F2FD9D5-C137-4D45-9E72-21F10D8245B9}.Debug|Any CPU.ActiveCfg = Debug|Any CPU
		{5F2FD9D5-C137-4D45-9E72-21F10D8245B9}.Debug|Any CPU.Build.0 = Debug|Any CPU
		{5F2FD9D5-C137-4D45-9E72-21F10D8245B9}.Release|Any CPU.ActiveCfg = Release|Any CPU
		{5F2FD9D5-C137-4D45-9E72-21F10D8245B9}.Release|Any CPU.Build.0 = Release|Any CPU
		{76FDF2F4-509B-4550-B13A-C4E4EC96570B}.Debug|Any CPU.ActiveCfg = Debug|Any CPU
		{76FDF2F4-509B-4550-B13A-C4E4EC96570B}.Debug|Any CPU.Build.0 = Debug|Any CPU
		{76FDF2F4-509B-4550-B13A-C4E4EC96570B}.Release|Any CPU.ActiveCfg = Release|Any CPU
		{76FDF2F4-509B-4550-B13A-C4E4EC96570B}.Release|Any CPU.Build.0 = Release|Any CPU
	EndGlobalSection
	GlobalSection(SolutionProperties) = preSolution
		HideSolutionNode = FALSE
	EndGlobalSection
	GlobalSection(ExtensibilityGlobals) = postSolution
		SolutionGuid = {71950EDD-B125-46D9-BBE3-1A3F3113A164}
	EndGlobalSection
EndGlobal
